{
  "requires": true,
  "lockfileVersion": 1,
  "dependencies": {
    "react-native-maps": {
      "version": "0.27.1",
      "resolved": "https://registry.npmjs.org/react-native-maps/-/react-native-maps-0.27.1.tgz",
      "integrity": "sha512-HygBkZBecTnIVRYrSiLRAvu4OmXOYso/A7c6Cy73HkOh9CgGV8Ap5eBea24tvmFGptjj5Hg8AJ94/YbmWK1Okw=="
    }
  }
}
